// !$*UTF8*$!
{
	archiveVersion = 1;
	classes = {
	};
	objectVersion = 48;
	objects = {

/* Begin PBXBuildFile section */
		F553C4A91FF4EC7100D3F282 /* Solution495.swift in Sources */ = {isa = PBXBuildFile; fileRef = F553C4A81FF4EC7100D3F282 /* Solution495.swift */; };
		F553C4AB1FF4F63100D3F282 /* Solution605.swift in Sources */ = {isa = PBXBuildFile; fileRef = F553C4AA1FF4F63100D3F282 /* Solution605.swift */; };
		F56B340D1FDE4F2A00F7F9D1 /* AppDelegate.swift in Sources */ = {isa = PBXBuildFile; fileRef = F56B340C1FDE4F2A00F7F9D1 /* AppDelegate.swift */; };
		F56B340F1FDE4F2A00F7F9D1 /* ViewController.swift in Sources */ = {isa = PBXBuildFile; fileRef = F56B340E1FDE4F2A00F7F9D1 /* ViewController.swift */; };
		F56B34121FDE4F2A00F7F9D1 /* Main.storyboard in Resources */ = {isa = PBXBuildFile; fileRef = F56B34101FDE4F2A00F7F9D1 /* Main.storyboard */; };
		F56B34141FDE4F2A00F7F9D1 /* Assets.xcassets in Resources */ = {isa = PBXBuildFile; fileRef = F56B34131FDE4F2A00F7F9D1 /* Assets.xcassets */; };
		F56B34171FDE4F2A00F7F9D1 /* LaunchScreen.storyboard in Resources */ = {isa = PBXBuildFile; fileRef = F56B34151FDE4F2A00F7F9D1 /* LaunchScreen.storyboard */; };
		F56B34201FDE4F6100F7F9D1 /* Solution476.swift in Sources */ = {isa = PBXBuildFile; fileRef = F56B341F1FDE4F6100F7F9D1 /* Solution476.swift */; };
		F56B34221FDE595E00F7F9D1 /* Solution575.swift in Sources */ = {isa = PBXBuildFile; fileRef = F56B34211FDE595E00F7F9D1 /* Solution575.swift */; };
		F56B34241FDE61B600F7F9D1 /* Solution657.swift in Sources */ = {isa = PBXBuildFile; fileRef = F56B34231FDE61B600F7F9D1 /* Solution657.swift */; };
		F56B342E1FDE866700F7F9D1 /* Solution292.swift in Sources */ = {isa = PBXBuildFile; fileRef = F56B342D1FDE866700F7F9D1 /* Solution292.swift */; };
		F56B34301FDE8CFF00F7F9D1 /* Solution389.swift in Sources */ = {isa = PBXBuildFile; fileRef = F56B342F1FDE8CFF00F7F9D1 /* Solution389.swift */; };
		F56B34341FDFB18100F7F9D1 /* Solution485.swift in Sources */ = {isa = PBXBuildFile; fileRef = F56B34331FDFB18100F7F9D1 /* Solution485.swift */; };
		F56B34361FDFB9E900F7F9D1 /* Solution441.swift in Sources */ = {isa = PBXBuildFile; fileRef = F56B34351FDFB9E900F7F9D1 /* Solution441.swift */; };
		F56B34381FDFCB5B00F7F9D1 /* Solution258.swift in Sources */ = {isa = PBXBuildFile; fileRef = F56B34371FDFCB5B00F7F9D1 /* Solution258.swift */; };
		F57AA1F31FFE0D1C003EE0C3 /* BalanceBrackets.swift in Sources */ = {isa = PBXBuildFile; fileRef = F57AA1F21FFE0D1C003EE0C3 /* BalanceBrackets.swift */; };
		F59C132A1FEBAA82005EDA70 /* Solution475.swift in Sources */ = {isa = PBXBuildFile; fileRef = F59C13291FEBAA82005EDA70 /* Solution475.swift */; };
		F59C132C1FEBAD6E005EDA70 /* HeapSort.swift in Sources */ = {isa = PBXBuildFile; fileRef = F59C132B1FEBAD6E005EDA70 /* HeapSort.swift */; };
		F59D93F91FE8BF3E0081A0E1 /* Solution739.swift in Sources */ = {isa = PBXBuildFile; fileRef = F59D93F81FE8BF3E0081A0E1 /* Solution739.swift */; };
		F59D93FB1FE8EBE20081A0E1 /* Solution526.swift in Sources */ = {isa = PBXBuildFile; fileRef = F59D93FA1FE8EBE20081A0E1 /* Solution526.swift */; };
		F5CACA981FE2610600FF38F5 /* Solution268.swift in Sources */ = {isa = PBXBuildFile; fileRef = F5CACA971FE2610600FF38F5 /* Solution268.swift */; };
		F5CACA9A1FE2633D00FF38F5 /* Solution415.swift in Sources */ = {isa = PBXBuildFile; fileRef = F5CACA991FE2633D00FF38F5 /* Solution415.swift */; };
		F5CACA9C1FE2762700FF38F5 /* Solution202.swift in Sources */ = {isa = PBXBuildFile; fileRef = F5CACA9B1FE2762700FF38F5 /* Solution202.swift */; };
		F5CACAA01FE3D90D00FF38F5 /* BubbleSort.swift in Sources */ = {isa = PBXBuildFile; fileRef = F5CACA9F1FE3D90D00FF38F5 /* BubbleSort.swift */; };
		F5CACAA21FE74F3000FF38F5 /* QuickSort.swift in Sources */ = {isa = PBXBuildFile; fileRef = F5CACAA11FE74F2F00FF38F5 /* QuickSort.swift */; };
		F5CACAA41FE76A0A00FF38F5 /* Solution121.swift in Sources */ = {isa = PBXBuildFile; fileRef = F5CACAA31FE76A0A00FF38F5 /* Solution121.swift */; };
		F5CACAA61FE78EE500FF38F5 /* Solution53.swift in Sources */ = {isa = PBXBuildFile; fileRef = F5CACAA51FE78EE500FF38F5 /* Solution53.swift */; };
		F5DEB0591FE0D551002C3848 /* Solution520.swift in Sources */ = {isa = PBXBuildFile; fileRef = F5DEB0581FE0D551002C3848 /* Solution520.swift */; };
		F5DEB05B1FE12629002C3848 /* Solution283.swift in Sources */ = {isa = PBXBuildFile; fileRef = F5DEB05A1FE12629002C3848 /* Solution283.swift */; };
		F5E758A01FFDC14C00903718 /* Solution735.swift in Sources */ = {isa = PBXBuildFile; fileRef = F5E7589F1FFDC14C00903718 /* Solution735.swift */; };
		F5EFFCFA1FF24D7900934F73 /* Solution496.swift in Sources */ = {isa = PBXBuildFile; fileRef = F5EFFCF91FF24D7900934F73 /* Solution496.swift */; };
/* End PBXBuildFile section */

/* Begin PBXFileReference section */
		F553C4A81FF4EC7100D3F282 /* Solution495.swift */ = {isa = PBXFileReference; lastKnownFileType = sourcecode.swift; path = Solution495.swift; sourceTree = "<group>"; };
		F553C4AA1FF4F63100D3F282 /* Solution605.swift */ = {isa = PBXFileReference; lastKnownFileType = sourcecode.swift; path = Solution605.swift; sourceTree = "<group>"; };
		F56B34091FDE4F2A00F7F9D1 /* LeetCodeSolutions.app */ = {isa = PBXFileReference; explicitFileType = wrapper.application; includeInIndex = 0; path = LeetCodeSolutions.app; sourceTree = BUILT_PRODUCTS_DIR; };
		F56B340C1FDE4F2A00F7F9D1 /* AppDelegate.swift */ = {isa = PBXFileReference; lastKnownFileType = sourcecode.swift; path = AppDelegate.swift; sourceTree = "<group>"; };
		F56B340E1FDE4F2A00F7F9D1 /* ViewController.swift */ = {isa = PBXFileReference; lastKnownFileType = sourcecode.swift; path = ViewController.swift; sourceTree = "<group>"; };
		F56B34111FDE4F2A00F7F9D1 /* Base */ = {isa = PBXFileReference; lastKnownFileType = file.storyboard; name = Base; path = Base.lproj/Main.storyboard; sourceTree = "<group>"; };
		F56B34131FDE4F2A00F7F9D1 /* Assets.xcassets */ = {isa = PBXFileReference; lastKnownFileType = folder.assetcatalog; path = Assets.xcassets; sourceTree = "<group>"; };
		F56B34161FDE4F2A00F7F9D1 /* Base */ = {isa = PBXFileReference; lastKnownFileType = file.storyboard; name = Base; path = Base.lproj/LaunchScreen.storyboard; sourceTree = "<group>"; };
		F56B34181FDE4F2A00F7F9D1 /* Info.plist */ = {isa = PBXFileReference; lastKnownFileType = text.plist.xml; path = Info.plist; sourceTree = "<group>"; };
		F56B341F1FDE4F6100F7F9D1 /* Solution476.swift */ = {isa = PBXFileReference; lastKnownFileType = sourcecode.swift; path = Solution476.swift; sourceTree = "<group>"; };
		F56B34211FDE595E00F7F9D1 /* Solution575.swift */ = {isa = PBXFileReference; lastKnownFileType = sourcecode.swift; path = Solution575.swift; sourceTree = "<group>"; };
		F56B34231FDE61B600F7F9D1 /* Solution657.swift */ = {isa = PBXFileReference; lastKnownFileType = sourcecode.swift; path = Solution657.swift; sourceTree = "<group>"; };
		F56B342D1FDE866700F7F9D1 /* Solution292.swift */ = {isa = PBXFileReference; lastKnownFileType = sourcecode.swift; path = Solution292.swift; sourceTree = "<group>"; };
		F56B342F1FDE8CFF00F7F9D1 /* Solution389.swift */ = {isa = PBXFileReference; lastKnownFileType = sourcecode.swift; path = Solution389.swift; sourceTree = "<group>"; };
		F56B34331FDFB18100F7F9D1 /* Solution485.swift */ = {isa = PBXFileReference; lastKnownFileType = sourcecode.swift; path = Solution485.swift; sourceTree = "<group>"; };
		F56B34351FDFB9E900F7F9D1 /* Solution441.swift */ = {isa = PBXFileReference; lastKnownFileType = sourcecode.swift; path = Solution441.swift; sourceTree = "<group>"; };
		F56B34371FDFCB5B00F7F9D1 /* Solution258.swift */ = {isa = PBXFileReference; lastKnownFileType = sourcecode.swift; path = Solution258.swift; sourceTree = "<group>"; };
		F57AA1F21FFE0D1C003EE0C3 /* BalanceBrackets.swift */ = {isa = PBXFileReference; lastKnownFileType = sourcecode.swift; path = BalanceBrackets.swift; sourceTree = "<group>"; };
		F59C13291FEBAA82005EDA70 /* Solution475.swift */ = {isa = PBXFileReference; lastKnownFileType = sourcecode.swift; path = Solution475.swift; sourceTree = "<group>"; };
		F59C132B1FEBAD6E005EDA70 /* HeapSort.swift */ = {isa = PBXFileReference; lastKnownFileType = sourcecode.swift; path = HeapSort.swift; sourceTree = "<group>"; };
		F59D93F81FE8BF3E0081A0E1 /* Solution739.swift */ = {isa = PBXFileReference; lastKnownFileType = sourcecode.swift; path = Solution739.swift; sourceTree = "<group>"; };
		F59D93FA1FE8EBE20081A0E1 /* Solution526.swift */ = {isa = PBXFileReference; lastKnownFileType = sourcecode.swift; path = Solution526.swift; sourceTree = "<group>"; };
		F5CACA971FE2610600FF38F5 /* Solution268.swift */ = {isa = PBXFileReference; lastKnownFileType = sourcecode.swift; path = Solution268.swift; sourceTree = "<group>"; };
		F5CACA991FE2633D00FF38F5 /* Solution415.swift */ = {isa = PBXFileReference; lastKnownFileType = sourcecode.swift; path = Solution415.swift; sourceTree = "<group>"; };
		F5CACA9B1FE2762700FF38F5 /* Solution202.swift */ = {isa = PBXFileReference; lastKnownFileType = sourcecode.swift; path = Solution202.swift; sourceTree = "<group>"; };
		F5CACA9F1FE3D90D00FF38F5 /* BubbleSort.swift */ = {isa = PBXFileReference; lastKnownFileType = sourcecode.swift; path = BubbleSort.swift; sourceTree = "<group>"; };
		F5CACAA11FE74F2F00FF38F5 /* QuickSort.swift */ = {isa = PBXFileReference; lastKnownFileType = sourcecode.swift; path = QuickSort.swift; sourceTree = "<group>"; };
		F5CACAA31FE76A0A00FF38F5 /* Solution121.swift */ = {isa = PBXFileReference; lastKnownFileType = sourcecode.swift; path = Solution121.swift; sourceTree = "<group>"; };
		F5CACAA51FE78EE500FF38F5 /* Solution53.swift */ = {isa = PBXFileReference; lastKnownFileType = sourcecode.swift; path = Solution53.swift; sourceTree = "<group>"; };
		F5DEB0581FE0D551002C3848 /* Solution520.swift */ = {isa = PBXFileReference; lastKnownFileType = sourcecode.swift; path = Solution520.swift; sourceTree = "<group>"; };
		F5DEB05A1FE12629002C3848 /* Solution283.swift */ = {isa = PBXFileReference; lastKnownFileType = sourcecode.swift; path = Solution283.swift; sourceTree = "<group>"; };
		F5E7589F1FFDC14C00903718 /* Solution735.swift */ = {isa = PBXFileReference; lastKnownFileType = sourcecode.swift; path = Solution735.swift; sourceTree = "<group>"; };
		F5EFFCF91FF24D7900934F73 /* Solution496.swift */ = {isa = PBXFileReference; lastKnownFileType = sourcecode.swift; path = Solution496.swift; sourceTree = "<group>"; };
/* End PBXFileReference section */

/* Begin PBXFrameworksBuildPhase section */
		F56B34061FDE4F2A00F7F9D1 /* Frameworks */ = {
			isa = PBXFrameworksBuildPhase;
			buildActionMask = 2147483647;
			files = (
			);
			runOnlyForDeploymentPostprocessing = 0;
		};
/* End PBXFrameworksBuildPhase section */

/* Begin PBXGroup section */
		F56B34001FDE4F2900F7F9D1 = {
			isa = PBXGroup;
			children = (
				F56B340B1FDE4F2A00F7F9D1 /* LeetCodeSolutions */,
				F56B340A1FDE4F2A00F7F9D1 /* Products */,
			);
			sourceTree = "<group>";
		};
		F56B340A1FDE4F2A00F7F9D1 /* Products */ = {
			isa = PBXGroup;
			children = (
				F56B34091FDE4F2A00F7F9D1 /* LeetCodeSolutions.app */,
			);
			name = Products;
			sourceTree = "<group>";
		};
		F56B340B1FDE4F2A00F7F9D1 /* LeetCodeSolutions */ = {
			isa = PBXGroup;
			children = (
				F56B340C1FDE4F2A00F7F9D1 /* AppDelegate.swift */,
				F56B340E1FDE4F2A00F7F9D1 /* ViewController.swift */,
				F57AA1F11FFE0D01003EE0C3 /* Other Problems */,
				F5CACA9E1FE3D8F400FF38F5 /* Sort */,
				F56B341E1FDE4F4100F7F9D1 /* Easy Level Solutions */,
				F59D93F71FE8BF1B0081A0E1 /* Medium Level Solutions */,
				F56B34101FDE4F2A00F7F9D1 /* Main.storyboard */,
				F56B34131FDE4F2A00F7F9D1 /* Assets.xcassets */,
				F56B34151FDE4F2A00F7F9D1 /* LaunchScreen.storyboard */,
				F56B34181FDE4F2A00F7F9D1 /* Info.plist */,
			);
			path = LeetCodeSolutions;
			sourceTree = "<group>";
		};
		F56B341E1FDE4F4100F7F9D1 /* Easy Level Solutions */ = {
			isa = PBXGroup;
			children = (
				F56B341F1FDE4F6100F7F9D1 /* Solution476.swift */,
				F56B34211FDE595E00F7F9D1 /* Solution575.swift */,
				F56B34231FDE61B600F7F9D1 /* Solution657.swift */,
				F56B342D1FDE866700F7F9D1 /* Solution292.swift */,
				F56B342F1FDE8CFF00F7F9D1 /* Solution389.swift */,
				F56B34331FDFB18100F7F9D1 /* Solution485.swift */,
				F56B34351FDFB9E900F7F9D1 /* Solution441.swift */,
				F56B34371FDFCB5B00F7F9D1 /* Solution258.swift */,
				F5DEB0581FE0D551002C3848 /* Solution520.swift */,
				F5DEB05A1FE12629002C3848 /* Solution283.swift */,
				F5CACA971FE2610600FF38F5 /* Solution268.swift */,
				F5CACA991FE2633D00FF38F5 /* Solution415.swift */,
				F5CACA9B1FE2762700FF38F5 /* Solution202.swift */,
				F5CACAA31FE76A0A00FF38F5 /* Solution121.swift */,
				F5CACAA51FE78EE500FF38F5 /* Solution53.swift */,
				F59C13291FEBAA82005EDA70 /* Solution475.swift */,
				F5EFFCF91FF24D7900934F73 /* Solution496.swift */,
				F553C4AA1FF4F63100D3F282 /* Solution605.swift */,
			);
			path = "Easy Level Solutions";
			sourceTree = "<group>";
		};
		F57AA1F11FFE0D01003EE0C3 /* Other Problems */ = {
			isa = PBXGroup;
			children = (
				F57AA1F21FFE0D1C003EE0C3 /* BalanceBrackets.swift */,
			);
			path = "Other Problems";
			sourceTree = "<group>";
		};
		F59D93F71FE8BF1B0081A0E1 /* Medium Level Solutions */ = {
			isa = PBXGroup;
			children = (
				F59D93F81FE8BF3E0081A0E1 /* Solution739.swift */,
				F59D93FA1FE8EBE20081A0E1 /* Solution526.swift */,
				F553C4A81FF4EC7100D3F282 /* Solution495.swift */,
				F5E7589F1FFDC14C00903718 /* Solution735.swift */,
			);
			path = "Medium Level Solutions";
			sourceTree = "<group>";
		};
		F5CACA9E1FE3D8F400FF38F5 /* Sort */ = {
			isa = PBXGroup;
			children = (
				F5CACA9F1FE3D90D00FF38F5 /* BubbleSort.swift */,
				F5CACAA11FE74F2F00FF38F5 /* QuickSort.swift */,
				F59C132B1FEBAD6E005EDA70 /* HeapSort.swift */,
			);
			path = Sort;
			sourceTree = "<group>";
		};
/* End PBXGroup section */

/* Begin PBXNativeTarget section */
		F56B34081FDE4F2A00F7F9D1 /* LeetCodeSolutions */ = {
			isa = PBXNativeTarget;
			buildConfigurationList = F56B341B1FDE4F2A00F7F9D1 /* Build configuration list for PBXNativeTarget "LeetCodeSolutions" */;
			buildPhases = (
				F56B34051FDE4F2A00F7F9D1 /* Sources */,
				F56B34061FDE4F2A00F7F9D1 /* Frameworks */,
				F56B34071FDE4F2A00F7F9D1 /* Resources */,
			);
			buildRules = (
			);
			dependencies = (
			);
			name = LeetCodeSolutions;
			productName = LeetCodeSolutions;
			productReference = F56B34091FDE4F2A00F7F9D1 /* LeetCodeSolutions.app */;
			productType = "com.apple.product-type.application";
		};
/* End PBXNativeTarget section */

/* Begin PBXProject section */
		F56B34011FDE4F2900F7F9D1 /* Project object */ = {
			isa = PBXProject;
			attributes = {
				LastSwiftUpdateCheck = 0910;
				LastUpgradeCheck = 0910;
				ORGANIZATIONNAME = "D.O. Information Technology Corp.";
				TargetAttributes = {
					F56B34081FDE4F2A00F7F9D1 = {
						CreatedOnToolsVersion = 9.1;
						ProvisioningStyle = Automatic;
					};
				};
			};
			buildConfigurationList = F56B34041FDE4F2900F7F9D1 /* Build configuration list for PBXProject "LeetCodeSolutions" */;
			compatibilityVersion = "Xcode 8.0";
			developmentRegion = en;
			hasScannedForEncodings = 0;
			knownRegions = (
				en,
				Base,
			);
			mainGroup = F56B34001FDE4F2900F7F9D1;
			productRefGroup = F56B340A1FDE4F2A00F7F9D1 /* Products */;
			projectDirPath = "";
			projectRoot = "";
			targets = (
				F56B34081FDE4F2A00F7F9D1 /* LeetCodeSolutions */,
			);
		};
/* End PBXProject section */

/* Begin PBXResourcesBuildPhase section */
		F56B34071FDE4F2A00F7F9D1 /* Resources */ = {
			isa = PBXResourcesBuildPhase;
			buildActionMask = 2147483647;
			files = (
				F56B34171FDE4F2A00F7F9D1 /* LaunchScreen.storyboard in Resources */,
				F56B34141FDE4F2A00F7F9D1 /* Assets.xcassets in Resources */,
				F56B34121FDE4F2A00F7F9D1 /* Main.storyboard in Resources */,
			);
			runOnlyForDeploymentPostprocessing = 0;
		};
/* End PBXResourcesBuildPhase section */

/* Begin PBXSourcesBuildPhase section */
		F56B34051FDE4F2A00F7F9D1 /* Sources */ = {
			isa = PBXSourcesBuildPhase;
			buildActionMask = 2147483647;
			files = (
				F5CACAA61FE78EE500FF38F5 /* Solution53.swift in Sources */,
				F59C132A1FEBAA82005EDA70 /* Solution475.swift in Sources */,
				F5CACA981FE2610600FF38F5 /* Solution268.swift in Sources */,
				F56B34201FDE4F6100F7F9D1 /* Solution476.swift in Sources */,
				F5E758A01FFDC14C00903718 /* Solution735.swift in Sources */,
				F5DEB0591FE0D551002C3848 /* Solution520.swift in Sources */,
				F5CACA9C1FE2762700FF38F5 /* Solution202.swift in Sources */,
				F56B34361FDFB9E900F7F9D1 /* Solution441.swift in Sources */,
				F59D93FB1FE8EBE20081A0E1 /* Solution526.swift in Sources */,
				F56B34381FDFCB5B00F7F9D1 /* Solution258.swift in Sources */,
				F56B340F1FDE4F2A00F7F9D1 /* ViewController.swift in Sources */,
				F56B34341FDFB18100F7F9D1 /* Solution485.swift in Sources */,
				F56B342E1FDE866700F7F9D1 /* Solution292.swift in Sources */,
				F57AA1F31FFE0D1C003EE0C3 /* BalanceBrackets.swift in Sources */,
				F56B34241FDE61B600F7F9D1 /* Solution657.swift in Sources */,
				F5CACA9A1FE2633D00FF38F5 /* Solution415.swift in Sources */,
				F56B34221FDE595E00F7F9D1 /* Solution575.swift in Sources */,
				F59C132C1FEBAD6E005EDA70 /* HeapSort.swift in Sources */,
				F56B34301FDE8CFF00F7F9D1 /* Solution389.swift in Sources */,
				F5DEB05B1FE12629002C3848 /* Solution283.swift in Sources */,
				F5CACAA21FE74F3000FF38F5 /* QuickSort.swift in Sources */,
				F59D93F91FE8BF3E0081A0E1 /* Solution739.swift in Sources */,
				F553C4A91FF4EC7100D3F282 /* Solution495.swift in Sources */,
				F5EFFCFA1FF24D7900934F73 /* Solution496.swift in Sources */,
				F5CACAA41FE76A0A00FF38F5 /* Solution121.swift in Sources */,
				F56B340D1FDE4F2A00F7F9D1 /* AppDelegate.swift in Sources */,
				F553C4AB1FF4F63100D3F282 /* Solution605.swift in Sources */,
				F5CACAA01FE3D90D00FF38F5 /* BubbleSort.swift in Sources */,
			);
			runOnlyForDeploymentPostprocessing = 0;
		};
/* End PBXSourcesBuildPhase section */

/* Begin PBXVariantGroup section */
		F56B34101FDE4F2A00F7F9D1 /* Main.storyboard */ = {
			isa = PBXVariantGroup;
			children = (
				F56B34111FDE4F2A00F7F9D1 /* Base */,
			);
			name = Main.storyboard;
			sourceTree = "<group>";
		};
		F56B34151FDE4F2A00F7F9D1 /* LaunchScreen.storyboard */ = {
			isa = PBXVariantGroup;
			children = (
				F56B34161FDE4F2A00F7F9D1 /* Base */,
			);
			name = LaunchScreen.storyboard;
			sourceTree = "<group>";
		};
/* End PBXVariantGroup section */

/* Begin XCBuildConfiguration section */
		F56B34191FDE4F2A00F7F9D1 /* Debug */ = {
			isa = XCBuildConfiguration;
			buildSettings = {
				ALWAYS_SEARCH_USER_PATHS = NO;
				CLANG_ANALYZER_NONNULL = YES;
				CLANG_ANALYZER_NUMBER_OBJECT_CONVERSION = YES_AGGRESSIVE;
				CLANG_CXX_LANGUAGE_STANDARD = "gnu++14";
				CLANG_CXX_LIBRARY = "libc++";
				CLANG_ENABLE_MODULES = YES;
				CLANG_ENABLE_OBJC_ARC = YES;
				CLANG_WARN_BLOCK_CAPTURE_AUTORELEASING = YES;
				CLANG_WARN_BOOL_CONVERSION = YES;
				CLANG_WARN_COMMA = YES;
				CLANG_WARN_CONSTANT_CONVERSION = YES;
				CLANG_WARN_DIRECT_OBJC_ISA_USAGE = YES_ERROR;
				CLANG_WARN_DOCUMENTATION_COMMENTS = YES;
				CLANG_WARN_EMPTY_BODY = YES;
				CLANG_WARN_ENUM_CONVERSION = YES;
				CLANG_WARN_INFINITE_RECURSION = YES;
				CLANG_WARN_INT_CONVERSION = YES;
				CLANG_WARN_NON_LITERAL_NULL_CONVERSION = YES;
				CLANG_WARN_OBJC_LITERAL_CONVERSION = YES;
				CLANG_WARN_OBJC_ROOT_CLASS = YES_ERROR;
				CLANG_WARN_RANGE_LOOP_ANALYSIS = YES;
				CLANG_WARN_STRICT_PROTOTYPES = YES;
				CLANG_WARN_SUSPICIOUS_MOVE = YES;
				CLANG_WARN_UNGUARDED_AVAILABILITY = YES_AGGRESSIVE;
				CLANG_WARN_UNREACHABLE_CODE = YES;
				CLANG_WARN__DUPLICATE_METHOD_MATCH = YES;
				CODE_SIGN_IDENTITY = "iPhone Developer";
				COPY_PHASE_STRIP = NO;
				DEBUG_INFORMATION_FORMAT = dwarf;
				ENABLE_STRICT_OBJC_MSGSEND = YES;
				ENABLE_TESTABILITY = YES;
				GCC_C_LANGUAGE_STANDARD = gnu11;
				GCC_DYNAMIC_NO_PIC = NO;
				GCC_NO_COMMON_BLOCKS = YES;
				GCC_OPTIMIZATION_LEVEL = 0;
				GCC_PREPROCESSOR_DEFINITIONS = (
					"DEBUG=1",
					"$(inherited)",
				);
				GCC_WARN_64_TO_32_BIT_CONVERSION = YES;
				GCC_WARN_ABOUT_RETURN_TYPE = YES_ERROR;
				GCC_WARN_UNDECLARED_SELECTOR = YES;
				GCC_WARN_UNINITIALIZED_AUTOS = YES_AGGRESSIVE;
				GCC_WARN_UNUSED_FUNCTION = YES;
				GCC_WARN_UNUSED_VARIABLE = YES;
				IPHONEOS_DEPLOYMENT_TARGET = 11.1;
				MTL_ENABLE_DEBUG_INFO = YES;
				ONLY_ACTIVE_ARCH = YES;
				SDKROOT = iphoneos;
				SWIFT_ACTIVE_COMPILATION_CONDITIONS = DEBUG;
				SWIFT_OPTIMIZATION_LEVEL = "-Onone";
			};
			name = Debug;
		};
		F56B341A1FDE4F2A00F7F9D1 /* Release */ = {
			isa = XCBuildConfiguration;
			buildSettings = {
				ALWAYS_SEARCH_USER_PATHS = NO;
				CLANG_ANALYZER_NONNULL = YES;
				CLANG_ANALYZER_NUMBER_OBJECT_CONVERSION = YES_AGGRESSIVE;
				CLANG_CXX_LANGUAGE_STANDARD = "gnu++14";
				CLANG_CXX_LIBRARY = "libc++";
				CLANG_ENABLE_MODULES = YES;
				CLANG_ENABLE_OBJC_ARC = YES;
				CLANG_WARN_BLOCK_CAPTURE_AUTORELEASING = YES;
				CLANG_WARN_BOOL_CONVERSION = YES;
				CLANG_WARN_COMMA = YES;
				CLANG_WARN_CONSTANT_CONVERSION = YES;
				CLANG_WARN_DIRECT_OBJC_ISA_USAGE = YES_ERROR;
				CLANG_WARN_DOCUMENTATION_COMMENTS = YES;
				CLANG_WARN_EMPTY_BODY = YES;
				CLANG_WARN_ENUM_CONVERSION = YES;
				CLANG_WARN_INFINITE_RECURSION = YES;
				CLANG_WARN_INT_CONVERSION = YES;
				CLANG_WARN_NON_LITERAL_NULL_CONVERSION = YES;
				CLANG_WARN_OBJC_LITERAL_CONVERSION = YES;
				CLANG_WARN_OBJC_ROOT_CLASS = YES_ERROR;
				CLANG_WARN_RANGE_LOOP_ANALYSIS = YES;
				CLANG_WARN_STRICT_PROTOTYPES = YES;
				CLANG_WARN_SUSPICIOUS_MOVE = YES;
				CLANG_WARN_UNGUARDED_AVAILABILITY = YES_AGGRESSIVE;
				CLANG_WARN_UNREACHABLE_CODE = YES;
				CLANG_WARN__DUPLICATE_METHOD_MATCH = YES;
				CODE_SIGN_IDENTITY = "iPhone Developer";
				COPY_PHASE_STRIP = NO;
				DEBUG_INFORMATION_FORMAT = "dwarf-with-dsym";
				ENABLE_NS_ASSERTIONS = NO;
				ENABLE_STRICT_OBJC_MSGSEND = YES;
				GCC_C_LANGUAGE_STANDARD = gnu11;
				GCC_NO_COMMON_BLOCKS = YES;
				GCC_WARN_64_TO_32_BIT_CONVERSION = YES;
				GCC_WARN_ABOUT_RETURN_TYPE = YES_ERROR;
				GCC_WARN_UNDECLARED_SELECTOR = YES;
				GCC_WARN_UNINITIALIZED_AUTOS = YES_AGGRESSIVE;
				GCC_WARN_UNUSED_FUNCTION = YES;
				GCC_WARN_UNUSED_VARIABLE = YES;
				IPHONEOS_DEPLOYMENT_TARGET = 11.1;
				MTL_ENABLE_DEBUG_INFO = NO;
				SDKROOT = iphoneos;
				SWIFT_OPTIMIZATION_LEVEL = "-Owholemodule";
				VALIDATE_PRODUCT = YES;
			};
			name = Release;
		};
		F56B341C1FDE4F2A00F7F9D1 /* Debug */ = {
			isa = XCBuildConfiguration;
			buildSettings = {
				ASSETCATALOG_COMPILER_APPICON_NAME = AppIcon;
				CODE_SIGN_STYLE = Automatic;
				DEVELOPMENT_TEAM = L4A6HT8PJ2;
				INFOPLIST_FILE = LeetCodeSolutions/Info.plist;
				LD_RUNPATH_SEARCH_PATHS = "$(inherited) @executable_path/Frameworks";
				PRODUCT_BUNDLE_IDENTIFIER = com.doit.LeetCodeSolutions;
				PRODUCT_NAME = "$(TARGET_NAME)";
				SWIFT_VERSION = 4.0;
				TARGETED_DEVICE_FAMILY = "1,2";
			};
			name = Debug;
		};
		F56B341D1FDE4F2A00F7F9D1 /* Release */ = {
			isa = XCBuildConfiguration;
			buildSettings = {
				ASSETCATALOG_COMPILER_APPICON_NAME = AppIcon;
				CODE_SIGN_STYLE = Automatic;
				DEVELOPMENT_TEAM = L4A6HT8PJ2;
				INFOPLIST_FILE = LeetCodeSolutions/Info.plist;
				LD_RUNPATH_SEARCH_PATHS = "$(inherited) @executable_path/Frameworks";
				PRODUCT_BUNDLE_IDENTIFIER = com.doit.LeetCodeSolutions;
				PRODUCT_NAME = "$(TARGET_NAME)";
				SWIFT_VERSION = 4.0;
				TARGETED_DEVICE_FAMILY = "1,2";
			};
			name = Release;
		};
/* End XCBuildConfiguration section */

/* Begin XCConfigurationList section */
		F56B34041FDE4F2900F7F9D1 /* Build configuration list for PBXProject "LeetCodeSolutions" */ = {
			isa = XCConfigurationList;
			buildConfigurations = (
				F56B34191FDE4F2A00F7F9D1 /* Debug */,
				F56B341A1FDE4F2A00F7F9D1 /* Release */,
			);
			defaultConfigurationIsVisible = 0;
			defaultConfigurationName = Release;
		};
		F56B341B1FDE4F2A00F7F9D1 /* Build configuration list for PBXNativeTarget "LeetCodeSolutions" */ = {
			isa = XCConfigurationList;
			buildConfigurations = (
				F56B341C1FDE4F2A00F7F9D1 /* Debug */,
				F56B341D1FDE4F2A00F7F9D1 /* Release */,
			);
			defaultConfigurationIsVisible = 0;
			defaultConfigurationName = Release;
		};
/* End XCConfigurationList section */
	};
	rootObject = F56B34011FDE4F2900F7F9D1 /* Project object */;
}
